{
  "name": "workspace",
  "version": "1.0.0",
  "lockfileVersion": 2,
  "requires": true,
  "packages": {
    "": {
      "name": "workspace",
      "version": "1.0.0",
      "license": "ISC",
      "workspaces": [
        "packages/*"
      ]
    },
    "node_modules/@hs-ele/a": {
      "resolved": "packages/pkg1",
      "link": true
    },
    "node_modules/@hs-ele/b": {
      "resolved": "packages/pkg2",
      "link": true
    },
    "packages/pkg1": {
      "name": "@hs-ele/a",
      "version": "1.0.0",
      "license": "ISC",
      "devDependencies": {}
    },
    "packages/pkg2": {
      "name": "@hs-ele/b",
      "version": "1.0.0",
      "license": "ISC"
    }
  },
  "dependencies": {
    "@hs-ele/a": {
      "version": "file:packages/pkg1"
    },
    "@hs-ele/b": {
      "version": "file:packages/pkg2"
    }
  }
}
